{
    "_readme": [
        "This file locks the dependencies of your project to a known state",
        "Read more about it at http://getcomposer.org/doc/01-basic-usage.md#composer-lock-the-lock-file"
    ],
    "hash": "84c37b472d409dccdb60bc987c1b4abb",
    "packages": [

    ],
    "packages-dev": [
        {
            "name": "czproject/phpdepend",
            "version": "v1.0.6",
            "source": {
                "type": "git",
                "url": "https://github.com/czproject/phpdepend.git",
                "reference": "734a6d7545fd647f31f3d30f7807c375f541ba42"
            },
            "dist": {
                "type": "zip",
                "url": "https://api.github.com/repos/czproject/phpdepend/zipball/734a6d7545fd647f31f3d30f7807c375f541ba42",
                "reference": "734a6d7545fd647f31f3d30f7807c375f541ba42",
                "shasum": ""
            },
            "require": {
                "ext-tokenizer": "*",
                "php": ">=5.3.0"
            },
            "require-dev": {
                "nette/tester": "0.9.3"
            },
            "type": "library",
            "autoload": {
                "classmap": [
                    "src/PhpDepend.php"
                ]
            },
            "notification-url": "https://packagist.org/downloads/",
            "license": [
                "BSD-3-Clause"
            ],
            "authors": [
                {
                    "name": "Jan Pecha",
                    "email": "janpecha@email.cz"
                }
            ],
            "description": "Extracts list of dependencies (classes, interfaces & traits) from PHP file or code snippet.",
            "time": "2013-10-13 14:48:51"
        },
        {
            "name": "fabpot/php-cs-fixer",
            "version": "v0.4.0",
            "source": {
                "type": "git",
                "url": "https://github.com/fabpot/PHP-CS-Fixer.git",
                "reference": "ff49782b0d87007ec675216f3677644778489d7a"
            },
            "dist": {
                "type": "zip",
                "url": "https://api.github.com/repos/fabpot/PHP-CS-Fixer/zipball/ff49782b0d87007ec675216f3677644778489d7a",
                "reference": "ff49782b0d87007ec675216f3677644778489d7a",
                "shasum": ""
            },
            "require": {
                "php": ">=5.3.6",
                "sebastian/diff": "1.1.*",
                "symfony/console": "~2.1",
                "symfony/filesystem": "~2.1",
                "symfony/finder": "~2.1"
            },
            "bin": [
                "php-cs-fixer"
            ],
            "type": "application",
            "extra": {
                "branch-alias": {
                    "dev-master": "0.4.x-dev"
                }
            },
            "autoload": {
                "psr-0": {
                    "Symfony\\CS": "."
                }
            },
            "notification-url": "https://packagist.org/downloads/",
            "license": [
                "MIT"
            ],
            "authors": [
                {
                    "name": "Fabien Potencier",
                    "email": "fabien@symfony.com",
                    "homepage": "http://fabien.potencier.org",
                    "role": "Lead Developer"
                }
            ],
            "description": "A script to automatically fix Symfony Coding Standard",
            "time": "2014-01-07 09:13:46"
        },
        {
            "name": "instaclick/php-code-sniffer",
            "version": "1.4.2",
            "source": {
                "type": "git",
                "url": "https://github.com/instaclick/PHP_CodeSniffer.git",
                "reference": "2e698c3fc4b73c67ad1e21245b0ab507b1847aab"
            },
            "dist": {
                "type": "zip",
                "url": "https://api.github.com/repos/instaclick/PHP_CodeSniffer/zipball/2e698c3fc4b73c67ad1e21245b0ab507b1847aab",
                "reference": "2e698c3fc4b73c67ad1e21245b0ab507b1847aab",
                "shasum": ""
            },
            "require": {
                "php": ">=5.1.2"
            },
            "bin": [
                "scripts/phpcs"
            ],
            "type": "library",
            "notification-url": "https://packagist.org/downloads/",
            "license": [
                "BSD-3-Clause"
            ],
            "authors": [
                {
                    "name": "Greg Sherwood",
                    "role": "lead"
                }
            ],
            "description": "PHP_CodeSniffer tokenises PHP, JavaScript and CSS files and detects violations of a defined set of coding standards.",
            "homepage": "http://www.squizlabs.com/php-codesniffer",
            "keywords": [
                "phpcs",
                "standards"
            ],
            "time": "2012-11-09 02:33:21"
        },
        {
            "name": "mustache/mustache",
            "version": "v2.6.0",
            "source": {
                "type": "git",
                "url": "https://github.com/bobthecow/mustache.php.git",
                "reference": "43dc9457a2089cf86c0f7fdb79fcdc516293a4b6"
            },
            "dist": {
                "type": "zip",
                "url": "https://api.github.com/repos/bobthecow/mustache.php/zipball/43dc9457a2089cf86c0f7fdb79fcdc516293a4b6",
                "reference": "43dc9457a2089cf86c0f7fdb79fcdc516293a4b6",
                "shasum": ""
            },
            "require": {
                "php": ">=5.2.4"
            },
            "require-dev": {
                "phpunit/phpunit": "*"
            },
            "type": "library",
            "autoload": {
                "psr-0": {
                    "Mustache": "src/"
                }
            },
            "notification-url": "https://packagist.org/downloads/",
            "license": [
                "MIT"
            ],
            "authors": [
                {
                    "name": "Justin Hileman",
                    "email": "justin@justinhileman.info",
                    "homepage": "http://justinhileman.com"
                }
            ],
            "description": "A Mustache implementation in PHP.",
            "homepage": "https://github.com/bobthecow/mustache.php",
            "keywords": [
                "mustache",
                "templating"
            ],
            "time": "2014-04-14 01:24:40"
        },
        {
            "name": "pdepend/pdepend",
            "version": "1.1.3",
            "source": {
                "type": "git",
                "url": "https://github.com/pdepend/pdepend.git",
                "reference": "1537f19d62d7b30c13ac173270106df7c6b9c459"
            },
            "dist": {
                "type": "zip",
                "url": "https://api.github.com/repos/pdepend/pdepend/zipball/1537f19d62d7b30c13ac173270106df7c6b9c459",
                "reference": "1537f19d62d7b30c13ac173270106df7c6b9c459",
                "shasum": ""
            },
            "require": {
                "php": ">=5.2.3"
            },
            "bin": [
                "src/bin/pdepend"
            ],
            "type": "library",
            "autoload": {
                "psr-0": {
                    "PHP_": "src/main/php/"
                }
            },
            "notification-url": "https://packagist.org/downloads/",
            "license": [
                "BSD-3-Clause"
            ],
            "description": "Official version of pdepend to be handled with Composer",
            "time": "2013-12-04 17:46:00"
        },
        {
            "name": "phploc/phploc",
            "version": "2.0.5",
            "source": {
                "type": "git",
                "url": "https://github.com/sebastianbergmann/phploc.git",
                "reference": "d177c22e2a08e448f7bdfa762045f7bd086834d7"
            },
            "dist": {
                "type": "zip",
                "url": "https://api.github.com/repos/sebastianbergmann/phploc/zipball/d177c22e2a08e448f7bdfa762045f7bd086834d7",
                "reference": "d177c22e2a08e448f7bdfa762045f7bd086834d7",
                "shasum": ""
            },
            "require": {
                "php": ">=5.3.3",
                "sebastian/finder-facade": ">=1.1.0",
                "sebastian/git": ">=1.0.0",
                "sebastian/version": ">=1.0.3",
                "symfony/console": ">=2.2.0"
            },
            "bin": [
                "phploc"
            ],
            "type": "library",
            "extra": {
                "branch-alias": {
                    "dev-master": "2.0-dev"
                }
            },
            "autoload": {
                "classmap": [
                    "src/"
                ]
            },
            "notification-url": "https://packagist.org/downloads/",
            "license": [
                "BSD-3-Clause"
            ],
            "authors": [
                {
                    "name": "Sebastian Bergmann",
                    "email": "sebastian@phpunit.de",
                    "role": "lead"
                }
            ],
            "description": "A tool for quickly measuring the size of a PHP project.",
            "homepage": "https://github.com/sebastianbergmann/phploc",
            "time": "2014-04-27 06:47:27"
        },
        {
            "name": "phpmd/phpmd",
            "version": "1.5.0",
            "source": {
                "type": "git",
                "url": "https://github.com/phpmd/phpmd.git",
                "reference": "692b7b1b64518091b2b1bea91b489dbb13598c07"
            },
            "dist": {
                "type": "zip",
                "url": "https://api.github.com/repos/phpmd/phpmd/zipball/692b7b1b64518091b2b1bea91b489dbb13598c07",
                "reference": "692b7b1b64518091b2b1bea91b489dbb13598c07",
                "shasum": ""
            },
            "require": {
                "pdepend/pdepend": ">=1.1.1",
                "php": ">=5.3.0"
            },
            "bin": [
                "src/bin/phpmd"
            ],
            "type": "library",
            "notification-url": "https://packagist.org/downloads/",
            "include-path": [
                "../../pdepend/pdepend/src/main/php",
                "src/main/php"
            ],
            "description": "Official version of PHPMD handled with Composer.",
            "time": "2013-07-26 14:47:02"
        },
        {
            "name": "phpspec/php-diff",
            "version": "v1.0.2",
            "source": {
                "type": "git",
                "url": "https://github.com/phpspec/php-diff.git",
                "reference": "30e103d19519fe678ae64a60d77884ef3d71b28a"
            },
            "dist": {
                "type": "zip",
                "url": "https://api.github.com/repos/phpspec/php-diff/zipball/30e103d19519fe678ae64a60d77884ef3d71b28a",
                "reference": "30e103d19519fe678ae64a60d77884ef3d71b28a",
                "shasum": ""
            },
            "type": "library",
            "autoload": {
                "psr-0": {
                    "Diff": "lib/"
                }
            },
            "notification-url": "https://packagist.org/downloads/",
            "license": [
                "BSD-3-Clause"
            ],
            "authors": [
                {
                    "name": "Chris Boulton",
                    "homepage": "http://github.com/chrisboulton"
                }
            ],
            "description": "A comprehensive library for generating differences between two hashable objects (strings or arrays).",
            "time": "2013-11-01 13:02:21"
        },
        {
            "name": "phpspec/phpspec",
            "version": "2.0.0",
            "source": {
                "type": "git",
                "url": "https://github.com/phpspec/phpspec.git",
                "reference": "1aade5766ddf4f28fdcf0a34d6ed642393d6c43d"
            },
            "dist": {
                "type": "zip",
                "url": "https://api.github.com/repos/phpspec/phpspec/zipball/1aade5766ddf4f28fdcf0a34d6ed642393d6c43d",
                "reference": "1aade5766ddf4f28fdcf0a34d6ed642393d6c43d",
                "shasum": ""
            },
            "require": {
                "php": ">=5.3.3",
                "phpspec/php-diff": "~1.0.0",
                "phpspec/prophecy": "~1.1",
                "symfony/console": "~2.1",
                "symfony/event-dispatcher": "~2.1",
                "symfony/finder": "~2.1",
                "symfony/yaml": "~2.1"
            },
            "require-dev": {
                "behat/behat": "~2.5",
                "bossa/phpspec2-expect": "dev-master",
                "symfony/filesystem": "~2.1"
            },
            "suggest": {
                "phpspec/nyan-formatters": "~1.0 – Adds Nyan formatters"
            },
            "bin": [
                "bin/phpspec"
            ],
            "type": "library",
            "extra": {
                "branch-alias": {
                    "dev-master": "2.0.x-dev"
                }
            },
            "autoload": {
                "psr-0": {
                    "PhpSpec": "src/"
                }
            },
            "notification-url": "https://packagist.org/downloads/",
            "license": [
                "MIT"
            ],
            "authors": [
                {
                    "name": "Konstantin Kudryashov",
                    "email": "ever.zet@gmail.com",
                    "homepage": "http://everzet.com"
                },
                {
                    "name": "Marcello Duarte",
                    "homepage": "http://marcelloduarte.net/"
                }
            ],
            "description": "Specification-oriented BDD framework for PHP 5.3+",
            "homepage": "http://phpspec.net/",
            "keywords": [
                "BDD",
                "SpecBDD",
                "TDD",
                "spec",
                "specification",
                "testing",
                "tests"
            ],
            "time": "2014-03-19 14:23:43"
        },
        {
            "name": "phpspec/prophecy",
            "version": "1.1.2",
            "source": {
                "type": "git",
                "url": "https://github.com/phpspec/prophecy.git",
                "reference": "976a65af02a2a0e17ce6c949f7b43437205628bb"
            },
            "dist": {
                "type": "zip",
                "url": "https://api.github.com/repos/phpspec/prophecy/zipball/976a65af02a2a0e17ce6c949f7b43437205628bb",
                "reference": "976a65af02a2a0e17ce6c949f7b43437205628bb",
                "shasum": ""
            },
            "require-dev": {
                "phpspec/phpspec": "2.0.*"
            },
            "type": "library",
            "extra": {
                "branch-alias": {
                    "dev-master": "1.1.x-dev"
                }
            },
            "autoload": {
                "psr-0": {
                    "Prophecy\\": "src/"
                }
            },
            "notification-url": "https://packagist.org/downloads/",
            "license": [
                "MIT"
            ],
            "authors": [
                {
                    "name": "Konstantin Kudryashov",
                    "email": "ever.zet@gmail.com",
                    "homepage": "http://everzet.com"
                },
                {
                    "name": "Marcello Duarte",
                    "email": "marcello.duarte@gmail.com"
                }
            ],
            "description": "Highly opinionated mocking framework for PHP 5.3+",
            "homepage": "http://phpspec.org",
            "keywords": [
                "Double",
                "Dummy",
                "fake",
                "mock",
                "spy",
                "stub"
            ],
            "time": "2014-01-24 11:03:43"
        },
        {
            "name": "phpunit/php-timer",
            "version": "1.0.5",
            "source": {
                "type": "git",
                "url": "https://github.com/sebastianbergmann/php-timer.git",
                "reference": "19689d4354b295ee3d8c54b4f42c3efb69cbc17c"
            },
            "dist": {
                "type": "zip",
                "url": "https://api.github.com/repos/sebastianbergmann/php-timer/zipball/19689d4354b295ee3d8c54b4f42c3efb69cbc17c",
                "reference": "19689d4354b295ee3d8c54b4f42c3efb69cbc17c",
                "shasum": ""
            },
            "require": {
                "php": ">=5.3.3"
            },
            "type": "library",
            "autoload": {
                "classmap": [
                    "PHP/"
                ]
            },
            "notification-url": "https://packagist.org/downloads/",
            "include-path": [
                ""
            ],
            "license": [
                "BSD-3-Clause"
            ],
            "authors": [
                {
                    "name": "Sebastian Bergmann",
                    "email": "sb@sebastian-bergmann.de",
                    "role": "lead"
                }
            ],
            "description": "Utility class for timing",
            "homepage": "https://github.com/sebastianbergmann/php-timer/",
            "keywords": [
                "timer"
            ],
            "time": "2013-08-02 07:42:54"
        },
        {
            "name": "sebastian/diff",
            "version": "1.1.0",
            "source": {
                "type": "git",
                "url": "https://github.com/sebastianbergmann/diff.git",
                "reference": "1e091702a5a38e6b4c1ba9ca816e3dd343df2e2d"
            },
            "dist": {
                "type": "zip",
                "url": "https://api.github.com/repos/sebastianbergmann/diff/zipball/1e091702a5a38e6b4c1ba9ca816e3dd343df2e2d",
                "reference": "1e091702a5a38e6b4c1ba9ca816e3dd343df2e2d",
                "shasum": ""
            },
            "require": {
                "php": ">=5.3.3"
            },
            "type": "library",
            "extra": {
                "branch-alias": {
                    "dev-master": "1.1-dev"
                }
            },
            "autoload": {
                "classmap": [
                    "src/"
                ]
            },
            "notification-url": "https://packagist.org/downloads/",
            "license": [
                "BSD-3-Clause"
            ],
            "authors": [
                {
                    "name": "Sebastian Bergmann",
                    "email": "sebastian@phpunit.de",
                    "role": "lead"
                },
                {
                    "name": "Kore Nordmann",
                    "email": "mail@kore-nordmann.de"
                }
            ],
            "description": "Diff implementation",
            "homepage": "http://www.github.com/sebastianbergmann/diff",
            "keywords": [
                "diff"
            ],
            "time": "2013-08-03 16:46:33"
        },
        {
            "name": "sebastian/finder-facade",
            "version": "1.1.0",
            "source": {
                "type": "git",
                "url": "https://github.com/sebastianbergmann/finder-facade.git",
                "reference": "1e396fda3449fce9df032749fa4fa2619e0347e0"
            },
            "dist": {
                "type": "zip",
                "url": "https://api.github.com/repos/sebastianbergmann/finder-facade/zipball/1e396fda3449fce9df032749fa4fa2619e0347e0",
                "reference": "1e396fda3449fce9df032749fa4fa2619e0347e0",
                "shasum": ""
            },
            "require": {
                "symfony/finder": ">=2.2.0",
                "theseer/fdomdocument": ">=1.3.1"
            },
            "type": "library",
            "autoload": {
                "classmap": [
                    "src/"
                ]
            },
            "notification-url": "https://packagist.org/downloads/",
            "license": [
                "BSD-3-Clause"
            ],
            "authors": [
                {
                    "name": "Sebastian Bergmann",
                    "email": "sebastian@phpunit.de",
                    "role": "lead"
                }
            ],
            "description": "FinderFacade is a convenience wrapper for Symfony's Finder component.",
            "homepage": "https://github.com/sebastianbergmann/finder-facade",
            "time": "2013-05-28 06:10:03"
        },
        {
            "name": "sebastian/git",
            "version": "1.2.0",
            "source": {
                "type": "git",
                "url": "https://github.com/sebastianbergmann/git.git",
                "reference": "a99fbc102e982c1404041ef3e4d431562b29bcba"
            },
            "dist": {
                "type": "zip",
                "url": "https://api.github.com/repos/sebastianbergmann/git/zipball/a99fbc102e982c1404041ef3e4d431562b29bcba",
                "reference": "a99fbc102e982c1404041ef3e4d431562b29bcba",
                "shasum": ""
            },
            "require": {
                "php": ">=5.3.3"
            },
            "type": "library",
            "extra": {
                "branch-alias": {
                    "dev-master": "1.2-dev"
                }
            },
            "autoload": {
                "classmap": [
                    "src/"
                ]
            },
            "notification-url": "https://packagist.org/downloads/",
            "license": [
                "BSD-3-Clause"
            ],
            "authors": [
                {
                    "name": "Sebastian Bergmann",
                    "email": "sebastian@phpunit.de",
                    "role": "lead"
                }
            ],
            "description": "Simple wrapper for Git",
            "homepage": "http://www.github.com/sebastianbergmann/git",
            "keywords": [
                "git"
            ],
            "time": "2013-08-04 09:35:29"
        },
        {
            "name": "sebastian/phpcpd",
            "version": "2.0.1",
            "source": {
                "type": "git",
                "url": "https://github.com/sebastianbergmann/phpcpd.git",
                "reference": "a9462153f2dd90466a010179901d31fbff598365"
            },
            "dist": {
                "type": "zip",
                "url": "https://api.github.com/repos/sebastianbergmann/phpcpd/zipball/a9462153f2dd90466a010179901d31fbff598365",
                "reference": "a9462153f2dd90466a010179901d31fbff598365",
                "shasum": ""
            },
            "require": {
                "php": ">=5.3.3",
                "phpunit/php-timer": ">=1.0.4",
                "sebastian/finder-facade": ">=1.1.0",
                "sebastian/version": ">=1.0.3",
                "symfony/console": ">=2.2.0",
                "theseer/fdomdocument": "~1.4"
            },
            "bin": [
                "phpcpd"
            ],
            "type": "library",
            "extra": {
                "branch-alias": {
                    "dev-master": "2.0-dev"
                }
            },
            "autoload": {
                "classmap": [
                    "src/"
                ]
            },
            "notification-url": "https://packagist.org/downloads/",
            "license": [
                "BSD-3-Clause"
            ],
            "authors": [
                {
                    "name": "Sebastian Bergmann",
                    "email": "sebastian@phpunit.de",
                    "role": "lead"
                }
            ],
            "description": "Copy/Paste Detector (CPD) for PHP code.",
            "homepage": "https://github.com/sebastianbergmann/phpcpd",
            "time": "2014-03-31 09:25:30"
        },
        {
            "name": "sebastian/version",
            "version": "1.0.3",
            "source": {
                "type": "git",
                "url": "https://github.com/sebastianbergmann/version.git",
                "reference": "b6e1f0cf6b9e1ec409a0d3e2f2a5fb0998e36b43"
            },
            "dist": {
                "type": "zip",
                "url": "https://api.github.com/repos/sebastianbergmann/version/zipball/b6e1f0cf6b9e1ec409a0d3e2f2a5fb0998e36b43",
                "reference": "b6e1f0cf6b9e1ec409a0d3e2f2a5fb0998e36b43",
                "shasum": ""
            },
            "type": "library",
            "autoload": {
                "classmap": [
                    "src/"
                ]
            },
            "notification-url": "https://packagist.org/downloads/",
            "license": [
                "BSD-3-Clause"
            ],
            "authors": [
                {
                    "name": "Sebastian Bergmann",
                    "email": "sebastian@phpunit.de",
                    "role": "lead"
                }
            ],
            "description": "Library that helps with managing the version number of Git-hosted PHP projects",
            "homepage": "https://github.com/sebastianbergmann/version",
            "time": "2014-03-07 15:35:33"
        },
        {
            "name": "symfony/console",
            "version": "v2.4.4",
            "target-dir": "Symfony/Component/Console",
            "source": {
                "type": "git",
                "url": "https://github.com/symfony/Console.git",
                "reference": "2e452005b1e1d003d23702d227e23614679eb5ca"
            },
            "dist": {
                "type": "zip",
                "url": "https://api.github.com/repos/symfony/Console/zipball/2e452005b1e1d003d23702d227e23614679eb5ca",
                "reference": "2e452005b1e1d003d23702d227e23614679eb5ca",
                "shasum": ""
            },
            "require": {
                "php": ">=5.3.3"
            },
            "require-dev": {
                "symfony/event-dispatcher": "~2.1"
            },
            "suggest": {
                "symfony/event-dispatcher": ""
            },
            "type": "library",
            "extra": {
                "branch-alias": {
                    "dev-master": "2.4-dev"
                }
            },
            "autoload": {
                "psr-0": {
                    "Symfony\\Component\\Console\\": ""
                }
            },
            "notification-url": "https://packagist.org/downloads/",
            "license": [
                "MIT"
            ],
            "authors": [
                {
                    "name": "Fabien Potencier",
                    "email": "fabien@symfony.com",
                    "homepage": "http://fabien.potencier.org",
                    "role": "Lead Developer"
                },
                {
                    "name": "Symfony Community",
                    "homepage": "http://symfony.com/contributors"
                }
            ],
            "description": "Symfony Console Component",
            "homepage": "http://symfony.com",
            "time": "2014-04-27 13:34:57"
        },
        {
            "name": "symfony/event-dispatcher",
            "version": "v2.4.4",
            "target-dir": "Symfony/Component/EventDispatcher",
            "source": {
                "type": "git",
                "url": "https://github.com/symfony/EventDispatcher.git",
                "reference": "e539602e5455aa086c0e81e604745af7789e4d8a"
            },
            "dist": {
                "type": "zip",
                "url": "https://api.github.com/repos/symfony/EventDispatcher/zipball/e539602e5455aa086c0e81e604745af7789e4d8a",
                "reference": "e539602e5455aa086c0e81e604745af7789e4d8a",
                "shasum": ""
            },
            "require": {
                "php": ">=5.3.3"
            },
            "require-dev": {
                "symfony/dependency-injection": "~2.0"
            },
            "suggest": {
                "symfony/dependency-injection": "",
                "symfony/http-kernel": ""
            },
            "type": "library",
            "extra": {
                "branch-alias": {
                    "dev-master": "2.4-dev"
                }
            },
            "autoload": {
                "psr-0": {
                    "Symfony\\Component\\EventDispatcher\\": ""
                }
            },
            "notification-url": "https://packagist.org/downloads/",
            "license": [
                "MIT"
            ],
            "authors": [
                {
                    "name": "Fabien Potencier",
                    "email": "fabien@symfony.com",
                    "homepage": "http://fabien.potencier.org",
                    "role": "Lead Developer"
                },
                {
                    "name": "Symfony Community",
                    "homepage": "http://symfony.com/contributors"
                }
            ],
            "description": "Symfony EventDispatcher Component",
            "homepage": "http://symfony.com",
            "time": "2014-04-16 10:34:31"
        },
        {
            "name": "symfony/filesystem",
            "version": "v2.4.4",
            "target-dir": "Symfony/Component/Filesystem",
            "source": {
                "type": "git",
                "url": "https://github.com/symfony/Filesystem.git",
                "reference": "a3af8294bcce4a7c1b2892363b0c9d8109affad4"
            },
            "dist": {
                "type": "zip",
                "url": "https://api.github.com/repos/symfony/Filesystem/zipball/a3af8294bcce4a7c1b2892363b0c9d8109affad4",
                "reference": "a3af8294bcce4a7c1b2892363b0c9d8109affad4",
                "shasum": ""
            },
            "require": {
                "php": ">=5.3.3"
            },
            "type": "library",
            "extra": {
                "branch-alias": {
                    "dev-master": "2.4-dev"
                }
            },
            "autoload": {
                "psr-0": {
                    "Symfony\\Component\\Filesystem\\": ""
                }
            },
            "notification-url": "https://packagist.org/downloads/",
            "license": [
                "MIT"
            ],
            "authors": [
                {
                    "name": "Fabien Potencier",
                    "email": "fabien@symfony.com",
                    "homepage": "http://fabien.potencier.org",
                    "role": "Lead Developer"
                },
                {
                    "name": "Symfony Community",
                    "homepage": "http://symfony.com/contributors"
                }
            ],
            "description": "Symfony Filesystem Component",
            "homepage": "http://symfony.com",
            "time": "2014-04-16 10:34:31"
        },
        {
            "name": "symfony/finder",
            "version": "v2.4.4",
            "target-dir": "Symfony/Component/Finder",
            "source": {
                "type": "git",
                "url": "https://github.com/symfony/Finder.git",
                "reference": "25e1e7d5e7376f8a92ae3b1d714d956edf33a730"
            },
            "dist": {
                "type": "zip",
                "url": "https://api.github.com/repos/symfony/Finder/zipball/25e1e7d5e7376f8a92ae3b1d714d956edf33a730",
                "reference": "25e1e7d5e7376f8a92ae3b1d714d956edf33a730",
                "shasum": ""
            },
            "require": {
                "php": ">=5.3.3"
            },
            "type": "library",
            "extra": {
                "branch-alias": {
                    "dev-master": "2.4-dev"
                }
            },
            "autoload": {
                "psr-0": {
                    "Symfony\\Component\\Finder\\": ""
                }
            },
            "notification-url": "https://packagist.org/downloads/",
            "license": [
                "MIT"
            ],
            "authors": [
                {
                    "name": "Fabien Potencier",
                    "email": "fabien@symfony.com",
                    "homepage": "http://fabien.potencier.org",
                    "role": "Lead Developer"
                },
                {
                    "name": "Symfony Community",
                    "homepage": "http://symfony.com/contributors"
                }
            ],
            "description": "Symfony Finder Component",
            "homepage": "http://symfony.com",
            "time": "2014-04-27 13:34:57"
        },
        {
            "name": "symfony/yaml",
            "version": "v2.4.4",
            "target-dir": "Symfony/Component/Yaml",
            "source": {
                "type": "git",
                "url": "https://github.com/symfony/Yaml.git",
                "reference": "65539ecde838f9c0d18b006b2101e3deb4b5c9ff"
            },
            "dist": {
                "type": "zip",
                "url": "https://api.github.com/repos/symfony/Yaml/zipball/65539ecde838f9c0d18b006b2101e3deb4b5c9ff",
                "reference": "65539ecde838f9c0d18b006b2101e3deb4b5c9ff",
                "shasum": ""
            },
            "require": {
                "php": ">=5.3.3"
            },
            "type": "library",
            "extra": {
                "branch-alias": {
                    "dev-master": "2.4-dev"
                }
            },
            "autoload": {
                "psr-0": {
                    "Symfony\\Component\\Yaml\\": ""
                }
            },
            "notification-url": "https://packagist.org/downloads/",
            "license": [
                "MIT"
            ],
            "authors": [
                {
                    "name": "Fabien Potencier",
                    "email": "fabien@symfony.com",
                    "homepage": "http://fabien.potencier.org",
                    "role": "Lead Developer"
                },
                {
                    "name": "Symfony Community",
                    "homepage": "http://symfony.com/contributors"
                }
            ],
            "description": "Symfony Yaml Component",
            "homepage": "http://symfony.com",
            "time": "2014-04-18 20:37:09"
        },
        {
            "name": "theseer/fdomdocument",
            "version": "1.5.0",
            "source": {
                "type": "git",
                "url": "https://github.com/theseer/fDOMDocument.git",
                "reference": "137aa3b13bef05b4e301899cbabdaf7d501847d2"
            },
            "dist": {
                "type": "zip",
                "url": "https://api.github.com/repos/theseer/fDOMDocument/zipball/137aa3b13bef05b4e301899cbabdaf7d501847d2",
                "reference": "137aa3b13bef05b4e301899cbabdaf7d501847d2",
                "shasum": ""
            },
            "require": {
                "ext-dom": "*",
                "lib-libxml": "*",
                "php": ">=5.3.3"
            },
            "type": "library",
            "autoload": {
                "classmap": [
                    "src/"
                ]
            },
            "notification-url": "https://packagist.org/downloads/",
            "license": [
                "BSD-3-Clause"
            ],
            "authors": [
                {
                    "name": "Arne Blankerts",
                    "email": "arne@blankerts.de",
                    "role": "lead"
                }
            ],
            "description": "The classes contained within this repository extend the standard DOM to use exceptions at all occasions of errors instead of PHP warnings or notices. They also add various custom methods and shortcuts for convenience and to simplify the usage of DOM.",
            "homepage": "https://github.com/theseer/fDOMDocument",
            "time": "2014-02-19 00:20:43"
        }
    ],
    "aliases": [

    ],
    "minimum-stability": "stable",
    "stability-flags": [

    ],
    "platform": [

    ],
    "platform-dev": [

    ]
}
